
Microsoft Visual Studio Solution File, Format Version 12.00
# Visual Studio Version 16
VisualStudioVersion = 16.0.28803.202
MinimumVisualStudioVersion = 10.0.40219.1
Project("{FAE04EC0-301F-11D3-BF4B-00C04F79EFBC}") = "VueCoreGraphQL", "VueCoreGraphQL\VueCoreGraphQL.csproj", "{04697C47-60A2-4F85-90B5-9960D2C1EC27}"
EndProject
Global
	GlobalSection(SolutionConfigurationPlatforms) = preSolution
		Debug|Any CPU = Debug|Any CPU
		Release|Any CPU = Release|Any CPU
	EndGlobalSection
	GlobalSection(ProjectConfigurationPlatforms) = postSolution
		{04697C47-60A2-4F85-90B5-9960D2C1EC27}.Debug|Any CPU.ActiveCfg = Debug|Any CPU
		{04697C47-60A2-4F85-90B5-9960D2C1EC27}.Debug|Any CPU.Build.0 = Debug|Any CPU
		{04697C47-60A2-4F85-90B5-9960D2C1EC27}.Release|Any CPU.ActiveCfg = Release|Any CPU
		{04697C47-60A2-4F85-90B5-9960D2C1EC27}.Release|Any CPU.Build.0 = Release|Any CPU
	EndGlobalSection
	GlobalSection(SolutionProperties) = preSolution
		HideSolutionNode = FALSE
	EndGlobalSection
	GlobalSection(ExtensibilityGlobals) = postSolution
		SolutionGuid = {75BE3D42-EC1D-403A-8BD8-CAE4B2A84346}
	EndGlobalSection
EndGlobal
